
Microsoft Visual Studio Solution File, Format Version 12.00
# Visual Studio Version 16
VisualStudioVersion = 16.0.31515.178
MinimumVisualStudioVersion = 10.0.40219.1
Project("{9A19103F-16F7-4668-BE54-9A1E7A4F7556}") = "Collie.Test", "Collie.Test\Collie.Test.csproj", "{99612E0D-37DF-4853-9A7B-E9D8A5BF7633}"
EndProject
Project("{9A19103F-16F7-4668-BE54-9A1E7A4F7556}") = "Collie.Abstractions", "Collie.Abstractions\Collie.Abstractions.csproj", "{B818B8DF-1594-48BA-8403-82695BE7AB07}"
EndProject
Project("{9A19103F-16F7-4668-BE54-9A1E7A4F7556}") = "Collie", "Collie\Collie.csproj", "{351448B5-C5FD-4462-91A1-0A82F2C104C1}"
EndProject
Project("{2150E333-8FDC-42A3-9474-1A3956D46DE8}") = "Solution Items", "Solution Items", "{CB697E45-7241-40F6-912F-2D8D7474FC0D}"
	ProjectSection(SolutionItems) = preProject
		.gitignore = .gitignore
		global.json = global.json
		LICENSE.txt = LICENSE.txt
		NugetPush.bat = NugetPush.bat
		README.md = README.md
	EndProjectSection
EndProject
Project("{9A19103F-16F7-4668-BE54-9A1E7A4F7556}") = "Collie.Compatibility.Abstractions", "Collie.Compatibility.Abstractions\Collie.Compatibility.Abstractions.csproj", "{68DF5107-87DA-4D0C-9453-DF40DB15D33E}"
EndProject
Project("{9A19103F-16F7-4668-BE54-9A1E7A4F7556}") = "Collie.Compatibility", "Collie.Compatibility\Collie.Compatibility.csproj", "{26DDAE27-ECC6-441B-8638-4A9FA414D9C2}"
EndProject
Project("{9A19103F-16F7-4668-BE54-9A1E7A4F7556}") = "Collie.Compatibility.Test", "Collie.Compatibility.Test\Collie.Compatibility.Test.csproj", "{6053AA97-065D-4215-A1BC-D044E55C91AF}"
EndProject
Global
	GlobalSection(SolutionConfigurationPlatforms) = preSolution
		Debug|Any CPU = Debug|Any CPU
		Release|Any CPU = Release|Any CPU
	EndGlobalSection
	GlobalSection(ProjectConfigurationPlatforms) = postSolution
		{99612E0D-37DF-4853-9A7B-E9D8A5BF7633}.Debug|Any CPU.ActiveCfg = Debug|Any CPU
		{99612E0D-37DF-4853-9A7B-E9D8A5BF7633}.Debug|Any CPU.Build.0 = Debug|Any CPU
		{99612E0D-37DF-4853-9A7B-E9D8A5BF7633}.Release|Any CPU.ActiveCfg = Release|Any CPU
		{99612E0D-37DF-4853-9A7B-E9D8A5BF7633}.Release|Any CPU.Build.0 = Release|Any CPU
		{B818B8DF-1594-48BA-8403-82695BE7AB07}.Debug|Any CPU.ActiveCfg = Debug|Any CPU
		{B818B8DF-1594-48BA-8403-82695BE7AB07}.Debug|Any CPU.Build.0 = Debug|Any CPU
		{B818B8DF-1594-48BA-8403-82695BE7AB07}.Release|Any CPU.ActiveCfg = Release|Any CPU
		{B818B8DF-1594-48BA-8403-82695BE7AB07}.Release|Any CPU.Build.0 = Release|Any CPU
		{351448B5-C5FD-4462-91A1-0A82F2C104C1}.Debug|Any CPU.ActiveCfg = Debug|Any CPU
		{351448B5-C5FD-4462-91A1-0A82F2C104C1}.Debug|Any CPU.Build.0 = Debug|Any CPU
		{351448B5-C5FD-4462-91A1-0A82F2C104C1}.Release|Any CPU.ActiveCfg = Release|Any CPU
		{351448B5-C5FD-4462-91A1-0A82F2C104C1}.Release|Any CPU.Build.0 = Release|Any CPU
		{68DF5107-87DA-4D0C-9453-DF40DB15D33E}.Debug|Any CPU.ActiveCfg = Debug|Any CPU
		{68DF5107-87DA-4D0C-9453-DF40DB15D33E}.Debug|Any CPU.Build.0 = Debug|Any CPU
		{68DF5107-87DA-4D0C-9453-DF40DB15D33E}.Release|Any CPU.ActiveCfg = Release|Any CPU
		{68DF5107-87DA-4D0C-9453-DF40DB15D33E}.Release|Any CPU.Build.0 = Release|Any CPU
		{26DDAE27-ECC6-441B-8638-4A9FA414D9C2}.Debug|Any CPU.ActiveCfg = Debug|Any CPU
		{26DDAE27-ECC6-441B-8638-4A9FA414D9C2}.Debug|Any CPU.Build.0 = Debug|Any CPU
		{26DDAE27-ECC6-441B-8638-4A9FA414D9C2}.Release|Any CPU.ActiveCfg = Release|Any CPU
		{26DDAE27-ECC6-441B-8638-4A9FA414D9C2}.Release|Any CPU.Build.0 = Release|Any CPU
		{6053AA97-065D-4215-A1BC-D044E55C91AF}.Debug|Any CPU.ActiveCfg = Debug|Any CPU
		{6053AA97-065D-4215-A1BC-D044E55C91AF}.Debug|Any CPU.Build.0 = Debug|Any CPU
		{6053AA97-065D-4215-A1BC-D044E55C91AF}.Release|Any CPU.ActiveCfg = Release|Any CPU
		{6053AA97-065D-4215-A1BC-D044E55C91AF}.Release|Any CPU.Build.0 = Release|Any CPU
	EndGlobalSection
	GlobalSection(SolutionProperties) = preSolution
		HideSolutionNode = FALSE
	EndGlobalSection
	GlobalSection(ExtensibilityGlobals) = postSolution
		SolutionGuid = {D4DC305E-9532-4012-A955-8E1B866CE11C}
	EndGlobalSection
EndGlobal
